// !$*UTF8*$!
{
	archiveVersion = 1;
	classes = {
	};
	objectVersion = 55;
	objects = {

/* Begin PBXBuildFile section */
		AB21840E289D5096007EE9D8 /* Constants.swift in Sources */ = {isa = PBXBuildFile; fileRef = AB21840D289D5096007EE9D8 /* Constants.swift */; };
		AB218410289D5193007EE9D8 /* AddThoughtViewController.swift in Sources */ = {isa = PBXBuildFile; fileRef = AB21840F289D5193007EE9D8 /* AddThoughtViewController.swift */; };
		AB218412289D6044007EE9D8 /* AddThoughtViewController+UITextViewDelegate.swift in Sources */ = {isa = PBXBuildFile; fileRef = AB218411289D6044007EE9D8 /* AddThoughtViewController+UITextViewDelegate.swift */; };
		AB3EB36A289D68FD00A3BFBE /* ThoughtCategory.swift in Sources */ = {isa = PBXBuildFile; fileRef = AB3EB369289D68FD00A3BFBE /* ThoughtCategory.swift */; };
		AB5E45CE289F359200640E7D /* MainViewController+UITableViewDelegate.swift in Sources */ = {isa = PBXBuildFile; fileRef = AB5E45CD289F359200640E7D /* MainViewController+UITableViewDelegate.swift */; };
		AB5E45D0289F35A700640E7D /* MainViewController+UITableViewDataSource.swift in Sources */ = {isa = PBXBuildFile; fileRef = AB5E45CF289F35A700640E7D /* MainViewController+UITableViewDataSource.swift */; };
		AB5E45D2289F363500640E7D /* Thought.swift in Sources */ = {isa = PBXBuildFile; fileRef = AB5E45D1289F363500640E7D /* Thought.swift */; };
		AB807045289E01900097FFC3 /* PostTableViewCell.swift in Sources */ = {isa = PBXBuildFile; fileRef = AB807044289E01900097FFC3 /* PostTableViewCell.swift */; };
		ABB72AC3289CB22A0009568A /* AppDelegate.swift in Sources */ = {isa = PBXBuildFile; fileRef = ABB72AC2289CB22A0009568A /* AppDelegate.swift */; };
		ABB72AC5289CB22A0009568A /* SceneDelegate.swift in Sources */ = {isa = PBXBuildFile; fileRef = ABB72AC4289CB22A0009568A /* SceneDelegate.swift */; };
		ABB72AC7289CB22A0009568A /* MainViewController.swift in Sources */ = {isa = PBXBuildFile; fileRef = ABB72AC6289CB22A0009568A /* MainViewController.swift */; };
		ABB72ACA289CB22A0009568A /* Main.storyboard in Resources */ = {isa = PBXBuildFile; fileRef = ABB72AC8289CB22A0009568A /* Main.storyboard */; };
		ABB72ACC289CB22D0009568A /* Assets.xcassets in Resources */ = {isa = PBXBuildFile; fileRef = ABB72ACB289CB22D0009568A /* Assets.xcassets */; };
		ABB72ACF289CB22D0009568A /* LaunchScreen.storyboard in Resources */ = {isa = PBXBuildFile; fileRef = ABB72ACD289CB22D0009568A /* LaunchScreen.storyboard */; };
		ABB72AD7289CB2E20009568A /* GoogleService-Info.plist in Resources */ = {isa = PBXBuildFile; fileRef = ABB72AD6289CB2E20009568A /* GoogleService-Info.plist */; };
		ABB72ADA289CB3810009568A /* FirebaseAnalytics in Frameworks */ = {isa = PBXBuildFile; productRef = ABB72AD9289CB3810009568A /* FirebaseAnalytics */; };
		ABB72ADC289CB3810009568A /* FirebaseAuth in Frameworks */ = {isa = PBXBuildFile; productRef = ABB72ADB289CB3810009568A /* FirebaseAuth */; };
		ABB72ADE289CB3810009568A /* FirebaseFirestore in Frameworks */ = {isa = PBXBuildFile; productRef = ABB72ADD289CB3810009568A /* FirebaseFirestore */; };
		ABB72AE0289CB3810009568A /* FirebaseFirestoreSwift in Frameworks */ = {isa = PBXBuildFile; productRef = ABB72ADF289CB3810009568A /* FirebaseFirestoreSwift */; };
/* End PBXBuildFile section */

/* Begin PBXFileReference section */
		AB21840D289D5096007EE9D8 /* Constants.swift */ = {isa = PBXFileReference; lastKnownFileType = sourcecode.swift; path = Constants.swift; sourceTree = "<group>"; };
		AB21840F289D5193007EE9D8 /* AddThoughtViewController.swift */ = {isa = PBXFileReference; lastKnownFileType = sourcecode.swift; path = AddThoughtViewController.swift; sourceTree = "<group>"; };
		AB218411289D6044007EE9D8 /* AddThoughtViewController+UITextViewDelegate.swift */ = {isa = PBXFileReference; lastKnownFileType = sourcecode.swift; path = "AddThoughtViewController+UITextViewDelegate.swift"; sourceTree = "<group>"; };
		AB3EB369289D68FD00A3BFBE /* ThoughtCategory.swift */ = {isa = PBXFileReference; lastKnownFileType = sourcecode.swift; path = ThoughtCategory.swift; sourceTree = "<group>"; };
		AB5E45CD289F359200640E7D /* MainViewController+UITableViewDelegate.swift */ = {isa = PBXFileReference; lastKnownFileType = sourcecode.swift; path = "MainViewController+UITableViewDelegate.swift"; sourceTree = "<group>"; };
		AB5E45CF289F35A700640E7D /* MainViewController+UITableViewDataSource.swift */ = {isa = PBXFileReference; lastKnownFileType = sourcecode.swift; path = "MainViewController+UITableViewDataSource.swift"; sourceTree = "<group>"; };
		AB5E45D1289F363500640E7D /* Thought.swift */ = {isa = PBXFileReference; lastKnownFileType = sourcecode.swift; path = Thought.swift; sourceTree = "<group>"; };
		AB807044289E01900097FFC3 /* PostTableViewCell.swift */ = {isa = PBXFileReference; lastKnownFileType = sourcecode.swift; path = PostTableViewCell.swift; sourceTree = "<group>"; };
		ABB72ABF289CB22A0009568A /* DevslopesFirestoreCourse.app */ = {isa = PBXFileReference; explicitFileType = wrapper.application; includeInIndex = 0; path = DevslopesFirestoreCourse.app; sourceTree = BUILT_PRODUCTS_DIR; };
		ABB72AC2289CB22A0009568A /* AppDelegate.swift */ = {isa = PBXFileReference; lastKnownFileType = sourcecode.swift; path = AppDelegate.swift; sourceTree = "<group>"; };
		ABB72AC4289CB22A0009568A /* SceneDelegate.swift */ = {isa = PBXFileReference; lastKnownFileType = sourcecode.swift; path = SceneDelegate.swift; sourceTree = "<group>"; };
		ABB72AC6289CB22A0009568A /* MainViewController.swift */ = {isa = PBXFileReference; lastKnownFileType = sourcecode.swift; path = MainViewController.swift; sourceTree = "<group>"; };
		ABB72AC9289CB22A0009568A /* Base */ = {isa = PBXFileReference; lastKnownFileType = file.storyboard; name = Base; path = Base.lproj/Main.storyboard; sourceTree = "<group>"; };
		ABB72ACB289CB22D0009568A /* Assets.xcassets */ = {isa = PBXFileReference; lastKnownFileType = folder.assetcatalog; path = Assets.xcassets; sourceTree = "<group>"; };
		ABB72ACE289CB22D0009568A /* Base */ = {isa = PBXFileReference; lastKnownFileType = file.storyboard; name = Base; path = Base.lproj/LaunchScreen.storyboard; sourceTree = "<group>"; };
		ABB72AD0289CB22D0009568A /* Info.plist */ = {isa = PBXFileReference; lastKnownFileType = text.plist.xml; path = Info.plist; sourceTree = "<group>"; };
		ABB72AD6289CB2E20009568A /* GoogleService-Info.plist */ = {isa = PBXFileReference; fileEncoding = 4; lastKnownFileType = text.plist.xml; path = "GoogleService-Info.plist"; sourceTree = "<group>"; };
/* End PBXFileReference section */

/* Begin PBXFrameworksBuildPhase section */
		ABB72ABC289CB22A0009568A /* Frameworks */ = {
			isa = PBXFrameworksBuildPhase;
			buildActionMask = 2147483647;
			files = (
				ABB72ADA289CB3810009568A /* FirebaseAnalytics in Frameworks */,
				ABB72ADC289CB3810009568A /* FirebaseAuth in Frameworks */,
				ABB72ADE289CB3810009568A /* FirebaseFirestore in Frameworks */,
				ABB72AE0289CB3810009568A /* FirebaseFirestoreSwift in Frameworks */,
			);
			runOnlyForDeploymentPostprocessing = 0;
		};
/* End PBXFrameworksBuildPhase section */

/* Begin PBXGroup section */
		AB3EB36B289D6AA500A3BFBE /* View */ = {
			isa = PBXGroup;
			children = (
				ABB72AC8289CB22A0009568A /* Main.storyboard */,
				ABB72ACD289CB22D0009568A /* LaunchScreen.storyboard */,
				AB807046289E019C0097FFC3 /* MainView */,
				AB807047289E01AA0097FFC3 /* AddThoughtView */,
			);
			path = View;
			sourceTree = "<group>";
		};
		AB3EB36C289D6AB600A3BFBE /* Model */ = {
			isa = PBXGroup;
			children = (
				AB3EB369289D68FD00A3BFBE /* ThoughtCategory.swift */,
				AB5E45D1289F363500640E7D /* Thought.swift */,
			);
			path = Model;
			sourceTree = "<group>";
		};
		AB3EB36D289D6B3B00A3BFBE /* Utilities */ = {
			isa = PBXGroup;
			children = (
				AB21840D289D5096007EE9D8 /* Constants.swift */,
			);
			path = Utilities;
			sourceTree = "<group>";
		};
		AB807046289E019C0097FFC3 /* MainView */ = {
			isa = PBXGroup;
			children = (
				ABB72AC6289CB22A0009568A /* MainViewController.swift */,
				AB5E45CD289F359200640E7D /* MainViewController+UITableViewDelegate.swift */,
				AB5E45CF289F35A700640E7D /* MainViewController+UITableViewDataSource.swift */,
				AB807044289E01900097FFC3 /* PostTableViewCell.swift */,
			);
			path = MainView;
			sourceTree = "<group>";
		};
		AB807047289E01AA0097FFC3 /* AddThoughtView */ = {
			isa = PBXGroup;
			children = (
				AB21840F289D5193007EE9D8 /* AddThoughtViewController.swift */,
				AB218411289D6044007EE9D8 /* AddThoughtViewController+UITextViewDelegate.swift */,
			);
			path = AddThoughtView;
			sourceTree = "<group>";
		};
		ABB72AB6289CB22A0009568A = {
			isa = PBXGroup;
			children = (
				ABB72AC1289CB22A0009568A /* DevslopesFirestoreCourse */,
				ABB72AC0289CB22A0009568A /* Products */,
			);
			sourceTree = "<group>";
		};
		ABB72AC0289CB22A0009568A /* Products */ = {
			isa = PBXGroup;
			children = (
				ABB72ABF289CB22A0009568A /* DevslopesFirestoreCourse.app */,
			);
			name = Products;
			sourceTree = "<group>";
		};
		ABB72AC1289CB22A0009568A /* DevslopesFirestoreCourse */ = {
			isa = PBXGroup;
			children = (
				ABB72AC2289CB22A0009568A /* AppDelegate.swift */,
				ABB72AC4289CB22A0009568A /* SceneDelegate.swift */,
				AB3EB36C289D6AB600A3BFBE /* Model */,
				AB3EB36B289D6AA500A3BFBE /* View */,
				AB3EB36D289D6B3B00A3BFBE /* Utilities */,
				ABB72ACB289CB22D0009568A /* Assets.xcassets */,
				ABB72AD0289CB22D0009568A /* Info.plist */,
				ABB72AD6289CB2E20009568A /* GoogleService-Info.plist */,
			);
			path = DevslopesFirestoreCourse;
			sourceTree = "<group>";
		};
/* End PBXGroup section */

/* Begin PBXNativeTarget section */
		ABB72ABE289CB22A0009568A /* DevslopesFirestoreCourse */ = {
			isa = PBXNativeTarget;
			buildConfigurationList = ABB72AD3289CB22D0009568A /* Build configuration list for PBXNativeTarget "DevslopesFirestoreCourse" */;
			buildPhases = (
				ABB72ABB289CB22A0009568A /* Sources */,
				ABB72ABC289CB22A0009568A /* Frameworks */,
				ABB72ABD289CB22A0009568A /* Resources */,
				AB21840C289D4B56007EE9D8 /* SwiftLint */,
			);
			buildRules = (
			);
			dependencies = (
			);
			name = DevslopesFirestoreCourse;
			packageProductDependencies = (
				ABB72AD9289CB3810009568A /* FirebaseAnalytics */,
				ABB72ADB289CB3810009568A /* FirebaseAuth */,
				ABB72ADD289CB3810009568A /* FirebaseFirestore */,
				ABB72ADF289CB3810009568A /* FirebaseFirestoreSwift */,
			);
			productName = DevslopesFirestoreCourse;
			productReference = ABB72ABF289CB22A0009568A /* DevslopesFirestoreCourse.app */;
			productType = "com.apple.product-type.application";
		};
/* End PBXNativeTarget section */

/* Begin PBXProject section */
		ABB72AB7289CB22A0009568A /* Project object */ = {
			isa = PBXProject;
			attributes = {
				BuildIndependentTargetsInParallel = 1;
				LastSwiftUpdateCheck = 1340;
				LastUpgradeCheck = 1340;
				TargetAttributes = {
					ABB72ABE289CB22A0009568A = {
						CreatedOnToolsVersion = 13.4.1;
					};
				};
			};
			buildConfigurationList = ABB72ABA289CB22A0009568A /* Build configuration list for PBXProject "DevslopesFirestoreCourse" */;
			compatibilityVersion = "Xcode 13.0";
			developmentRegion = en;
			hasScannedForEncodings = 0;
			knownRegions = (
				en,
				Base,
			);
			mainGroup = ABB72AB6289CB22A0009568A;
			packageReferences = (
				ABB72AD8289CB3810009568A /* XCRemoteSwiftPackageReference "firebase-ios-sdk" */,
			);
			productRefGroup = ABB72AC0289CB22A0009568A /* Products */;
			projectDirPath = "";
			projectRoot = "";
			targets = (
				ABB72ABE289CB22A0009568A /* DevslopesFirestoreCourse */,
			);
		};
/* End PBXProject section */

/* Begin PBXResourcesBuildPhase section */
		ABB72ABD289CB22A0009568A /* Resources */ = {
			isa = PBXResourcesBuildPhase;
			buildActionMask = 2147483647;
			files = (
				ABB72ACF289CB22D0009568A /* LaunchScreen.storyboard in Resources */,
				ABB72AD7289CB2E20009568A /* GoogleService-Info.plist in Resources */,
				ABB72ACC289CB22D0009568A /* Assets.xcassets in Resources */,
				ABB72ACA289CB22A0009568A /* Main.storyboard in Resources */,
			);
			runOnlyForDeploymentPostprocessing = 0;
		};
/* End PBXResourcesBuildPhase section */

/* Begin PBXShellScriptBuildPhase section */
		AB21840C289D4B56007EE9D8 /* SwiftLint */ = {
			isa = PBXShellScriptBuildPhase;
			buildActionMask = 2147483647;
			files = (
			);
			inputFileListPaths = (
			);
			inputPaths = (
			);
			name = SwiftLint;
			outputFileListPaths = (
			);
			outputPaths = (
			);
			runOnlyForDeploymentPostprocessing = 0;
			shellPath = /bin/sh;
			shellScript = "if test -d \"/opt/homebrew/bin/\"; then\n  PATH=\"/opt/homebrew/bin/:${PATH}\"\nfi\n\nexport PATH\n\nif which swiftlint >/dev/null; then\n  swiftlint\nelse\n  echo \"warning: SwiftLint not installed, download from https://github.com/realm/SwiftLint\"\nfi\n";
		};
/* End PBXShellScriptBuildPhase section */

/* Begin PBXSourcesBuildPhase section */
		ABB72ABB289CB22A0009568A /* Sources */ = {
			isa = PBXSourcesBuildPhase;
			buildActionMask = 2147483647;
			files = (
				AB3EB36A289D68FD00A3BFBE /* ThoughtCategory.swift in Sources */,
				AB5E45CE289F359200640E7D /* MainViewController+UITableViewDelegate.swift in Sources */,
				ABB72AC7289CB22A0009568A /* MainViewController.swift in Sources */,
				ABB72AC3289CB22A0009568A /* AppDelegate.swift in Sources */,
				AB807045289E01900097FFC3 /* PostTableViewCell.swift in Sources */,
				AB5E45D2289F363500640E7D /* Thought.swift in Sources */,
				ABB72AC5289CB22A0009568A /* SceneDelegate.swift in Sources */,
				AB5E45D0289F35A700640E7D /* MainViewController+UITableViewDataSource.swift in Sources */,
				AB218412289D6044007EE9D8 /* AddThoughtViewController+UITextViewDelegate.swift in Sources */,
				AB21840E289D5096007EE9D8 /* Constants.swift in Sources */,
				AB218410289D5193007EE9D8 /* AddThoughtViewController.swift in Sources */,
			);
			runOnlyForDeploymentPostprocessing = 0;
		};
/* End PBXSourcesBuildPhase section */

/* Begin PBXVariantGroup section */
		ABB72AC8289CB22A0009568A /* Main.storyboard */ = {
			isa = PBXVariantGroup;
			children = (
				ABB72AC9289CB22A0009568A /* Base */,
			);
			name = Main.storyboard;
			sourceTree = "<group>";
		};
		ABB72ACD289CB22D0009568A /* LaunchScreen.storyboard */ = {
			isa = PBXVariantGroup;
			children = (
				ABB72ACE289CB22D0009568A /* Base */,
			);
			name = LaunchScreen.storyboard;
			sourceTree = "<group>";
		};
/* End PBXVariantGroup section */

/* Begin XCBuildConfiguration section */
		ABB72AD1289CB22D0009568A /* Debug */ = {
			isa = XCBuildConfiguration;
			buildSettings = {
				ALWAYS_SEARCH_USER_PATHS = NO;
				CLANG_ANALYZER_NONNULL = YES;
				CLANG_ANALYZER_NUMBER_OBJECT_CONVERSION = YES_AGGRESSIVE;
				CLANG_CXX_LANGUAGE_STANDARD = "gnu++17";
				CLANG_ENABLE_MODULES = YES;
				CLANG_ENABLE_OBJC_ARC = YES;
				CLANG_ENABLE_OBJC_WEAK = YES;
				CLANG_WARN_BLOCK_CAPTURE_AUTORELEASING = YES;
				CLANG_WARN_BOOL_CONVERSION = YES;
				CLANG_WARN_COMMA = YES;
				CLANG_WARN_CONSTANT_CONVERSION = YES;
				CLANG_WARN_DEPRECATED_OBJC_IMPLEMENTATIONS = YES;
				CLANG_WARN_DIRECT_OBJC_ISA_USAGE = YES_ERROR;
				CLANG_WARN_DOCUMENTATION_COMMENTS = YES;
				CLANG_WARN_EMPTY_BODY = YES;
				CLANG_WARN_ENUM_CONVERSION = YES;
				CLANG_WARN_INFINITE_RECURSION = YES;
				CLANG_WARN_INT_CONVERSION = YES;
				CLANG_WARN_NON_LITERAL_NULL_CONVERSION = YES;
				CLANG_WARN_OBJC_IMPLICIT_RETAIN_SELF = YES;
				CLANG_WARN_OBJC_LITERAL_CONVERSION = YES;
				CLANG_WARN_OBJC_ROOT_CLASS = YES_ERROR;
				CLANG_WARN_QUOTED_INCLUDE_IN_FRAMEWORK_HEADER = YES;
				CLANG_WARN_RANGE_LOOP_ANALYSIS = YES;
				CLANG_WARN_STRICT_PROTOTYPES = YES;
				CLANG_WARN_SUSPICIOUS_MOVE = YES;
				CLANG_WARN_UNGUARDED_AVAILABILITY = YES_AGGRESSIVE;
				CLANG_WARN_UNREACHABLE_CODE = YES;
				CLANG_WARN__DUPLICATE_METHOD_MATCH = YES;
				COPY_PHASE_STRIP = NO;
				DEBUG_INFORMATION_FORMAT = dwarf;
				ENABLE_STRICT_OBJC_MSGSEND = YES;
				ENABLE_TESTABILITY = YES;
				GCC_C_LANGUAGE_STANDARD = gnu11;
				GCC_DYNAMIC_NO_PIC = NO;
				GCC_NO_COMMON_BLOCKS = YES;
				GCC_OPTIMIZATION_LEVEL = 0;
				GCC_PREPROCESSOR_DEFINITIONS = (
					"DEBUG=1",
					"$(inherited)",
				);
				GCC_WARN_64_TO_32_BIT_CONVERSION = YES;
				GCC_WARN_ABOUT_RETURN_TYPE = YES_ERROR;
				GCC_WARN_UNDECLARED_SELECTOR = YES;
				GCC_WARN_UNINITIALIZED_AUTOS = YES_AGGRESSIVE;
				GCC_WARN_UNUSED_FUNCTION = YES;
				GCC_WARN_UNUSED_VARIABLE = YES;
				IPHONEOS_DEPLOYMENT_TARGET = 15.5;
				MTL_ENABLE_DEBUG_INFO = INCLUDE_SOURCE;
				MTL_FAST_MATH = YES;
				ONLY_ACTIVE_ARCH = YES;
				SDKROOT = iphoneos;
				SWIFT_ACTIVE_COMPILATION_CONDITIONS = DEBUG;
				SWIFT_OPTIMIZATION_LEVEL = "-Onone";
			};
			name = Debug;
		};
		ABB72AD2289CB22D0009568A /* Release */ = {
			isa = XCBuildConfiguration;
			buildSettings = {
				ALWAYS_SEARCH_USER_PATHS = NO;
				CLANG_ANALYZER_NONNULL = YES;
				CLANG_ANALYZER_NUMBER_OBJECT_CONVERSION = YES_AGGRESSIVE;
				CLANG_CXX_LANGUAGE_STANDARD = "gnu++17";
				CLANG_ENABLE_MODULES = YES;
				CLANG_ENABLE_OBJC_ARC = YES;
				CLANG_ENABLE_OBJC_WEAK = YES;
				CLANG_WARN_BLOCK_CAPTURE_AUTORELEASING = YES;
				CLANG_WARN_BOOL_CONVERSION = YES;
				CLANG_WARN_COMMA = YES;
				CLANG_WARN_CONSTANT_CONVERSION = YES;
				CLANG_WARN_DEPRECATED_OBJC_IMPLEMENTATIONS = YES;
				CLANG_WARN_DIRECT_OBJC_ISA_USAGE = YES_ERROR;
				CLANG_WARN_DOCUMENTATION_COMMENTS = YES;
				CLANG_WARN_EMPTY_BODY = YES;
				CLANG_WARN_ENUM_CONVERSION = YES;
				CLANG_WARN_INFINITE_RECURSION = YES;
				CLANG_WARN_INT_CONVERSION = YES;
				CLANG_WARN_NON_LITERAL_NULL_CONVERSION = YES;
				CLANG_WARN_OBJC_IMPLICIT_RETAIN_SELF = YES;
				CLANG_WARN_OBJC_LITERAL_CONVERSION = YES;
				CLANG_WARN_OBJC_ROOT_CLASS = YES_ERROR;
				CLANG_WARN_QUOTED_INCLUDE_IN_FRAMEWORK_HEADER = YES;
				CLANG_WARN_RANGE_LOOP_ANALYSIS = YES;
				CLANG_WARN_STRICT_PROTOTYPES = YES;
				CLANG_WARN_SUSPICIOUS_MOVE = YES;
				CLANG_WARN_UNGUARDED_AVAILABILITY = YES_AGGRESSIVE;
				CLANG_WARN_UNREACHABLE_CODE = YES;
				CLANG_WARN__DUPLICATE_METHOD_MATCH = YES;
				COPY_PHASE_STRIP = NO;
				DEBUG_INFORMATION_FORMAT = "dwarf-with-dsym";
				ENABLE_NS_ASSERTIONS = NO;
				ENABLE_STRICT_OBJC_MSGSEND = YES;
				GCC_C_LANGUAGE_STANDARD = gnu11;
				GCC_NO_COMMON_BLOCKS = YES;
				GCC_WARN_64_TO_32_BIT_CONVERSION = YES;
				GCC_WARN_ABOUT_RETURN_TYPE = YES_ERROR;
				GCC_WARN_UNDECLARED_SELECTOR = YES;
				GCC_WARN_UNINITIALIZED_AUTOS = YES_AGGRESSIVE;
				GCC_WARN_UNUSED_FUNCTION = YES;
				GCC_WARN_UNUSED_VARIABLE = YES;
				IPHONEOS_DEPLOYMENT_TARGET = 15.5;
				MTL_ENABLE_DEBUG_INFO = NO;
				MTL_FAST_MATH = YES;
				SDKROOT = iphoneos;
				SWIFT_COMPILATION_MODE = wholemodule;
				SWIFT_OPTIMIZATION_LEVEL = "-O";
				VALIDATE_PRODUCT = YES;
			};
			name = Release;
		};
		ABB72AD4289CB22D0009568A /* Debug */ = {
			isa = XCBuildConfiguration;
			buildSettings = {
				ASSETCATALOG_COMPILER_APPICON_NAME = AppIcon;
				ASSETCATALOG_COMPILER_GLOBAL_ACCENT_COLOR_NAME = AccentColor;
				CODE_SIGN_STYLE = Automatic;
				CURRENT_PROJECT_VERSION = 1;
				DEVELOPMENT_TEAM = 9LT5ZRK64X;
				GENERATE_INFOPLIST_FILE = YES;
				INFOPLIST_FILE = DevslopesFirestoreCourse/Info.plist;
				INFOPLIST_KEY_UIApplicationSupportsIndirectInputEvents = YES;
				INFOPLIST_KEY_UILaunchStoryboardName = LaunchScreen;
				INFOPLIST_KEY_UISupportedInterfaceOrientations = UIInterfaceOrientationPortrait;
				INFOPLIST_KEY_UISupportedInterfaceOrientations_iPad = "UIInterfaceOrientationPortrait UIInterfaceOrientationPortraitUpsideDown UIInterfaceOrientationLandscapeLeft UIInterfaceOrientationLandscapeRight";
				INFOPLIST_KEY_UISupportedInterfaceOrientations_iPhone = "UIInterfaceOrientationPortrait UIInterfaceOrientationLandscapeLeft UIInterfaceOrientationLandscapeRight";
				LD_RUNPATH_SEARCH_PATHS = (
					"$(inherited)",
					"@executable_path/Frameworks",
				);
				MARKETING_VERSION = 1.0;
				PRODUCT_BUNDLE_IDENTIFIER = com.julianmichaeltechnologies.DevslopesFirestoreCourse;
				PRODUCT_NAME = "$(TARGET_NAME)";
				SWIFT_EMIT_LOC_STRINGS = YES;
				SWIFT_VERSION = 5.0;
				TARGETED_DEVICE_FAMILY = 1;
			};
			name = Debug;
		};
		ABB72AD5289CB22D0009568A /* Release */ = {
			isa = XCBuildConfiguration;
			buildSettings = {
				ASSETCATALOG_COMPILER_APPICON_NAME = AppIcon;
				ASSETCATALOG_COMPILER_GLOBAL_ACCENT_COLOR_NAME = AccentColor;
				CODE_SIGN_STYLE = Automatic;
				CURRENT_PROJECT_VERSION = 1;
				DEVELOPMENT_TEAM = 9LT5ZRK64X;
				GENERATE_INFOPLIST_FILE = YES;
				INFOPLIST_FILE = DevslopesFirestoreCourse/Info.plist;
				INFOPLIST_KEY_UIApplicationSupportsIndirectInputEvents = YES;
				INFOPLIST_KEY_UILaunchStoryboardName = LaunchScreen;
				INFOPLIST_KEY_UISupportedInterfaceOrientations = UIInterfaceOrientationPortrait;
				INFOPLIST_KEY_UISupportedInterfaceOrientations_iPad = "UIInterfaceOrientationPortrait UIInterfaceOrientationPortraitUpsideDown UIInterfaceOrientationLandscapeLeft UIInterfaceOrientationLandscapeRight";
				INFOPLIST_KEY_UISupportedInterfaceOrientations_iPhone = "UIInterfaceOrientationPortrait UIInterfaceOrientationLandscapeLeft UIInterfaceOrientationLandscapeRight";
				LD_RUNPATH_SEARCH_PATHS = (
					"$(inherited)",
					"@executable_path/Frameworks",
				);
				MARKETING_VERSION = 1.0;
				PRODUCT_BUNDLE_IDENTIFIER = com.julianmichaeltechnologies.DevslopesFirestoreCourse;
				PRODUCT_NAME = "$(TARGET_NAME)";
				SWIFT_EMIT_LOC_STRINGS = YES;
				SWIFT_VERSION = 5.0;
				TARGETED_DEVICE_FAMILY = 1;
			};
			name = Release;
		};
/* End XCBuildConfiguration section */

/* Begin XCConfigurationList section */
		ABB72ABA289CB22A0009568A /* Build configuration list for PBXProject "DevslopesFirestoreCourse" */ = {
			isa = XCConfigurationList;
			buildConfigurations = (
				ABB72AD1289CB22D0009568A /* Debug */,
				ABB72AD2289CB22D0009568A /* Release */,
			);
			defaultConfigurationIsVisible = 0;
			defaultConfigurationName = Release;
		};
		ABB72AD3289CB22D0009568A /* Build configuration list for PBXNativeTarget "DevslopesFirestoreCourse" */ = {
			isa = XCConfigurationList;
			buildConfigurations = (
				ABB72AD4289CB22D0009568A /* Debug */,
				ABB72AD5289CB22D0009568A /* Release */,
			);
			defaultConfigurationIsVisible = 0;
			defaultConfigurationName = Release;
		};
/* End XCConfigurationList section */

/* Begin XCRemoteSwiftPackageReference section */
		ABB72AD8289CB3810009568A /* XCRemoteSwiftPackageReference "firebase-ios-sdk" */ = {
			isa = XCRemoteSwiftPackageReference;
			repositoryURL = "https://github.com/firebase/firebase-ios-sdk";
			requirement = {
				kind = upToNextMajorVersion;
				minimumVersion = 9.0.0;
			};
		};
/* End XCRemoteSwiftPackageReference section */

/* Begin XCSwiftPackageProductDependency section */
		ABB72AD9289CB3810009568A /* FirebaseAnalytics */ = {
			isa = XCSwiftPackageProductDependency;
			package = ABB72AD8289CB3810009568A /* XCRemoteSwiftPackageReference "firebase-ios-sdk" */;
			productName = FirebaseAnalytics;
		};
		ABB72ADB289CB3810009568A /* FirebaseAuth */ = {
			isa = XCSwiftPackageProductDependency;
			package = ABB72AD8289CB3810009568A /* XCRemoteSwiftPackageReference "firebase-ios-sdk" */;
			productName = FirebaseAuth;
		};
		ABB72ADD289CB3810009568A /* FirebaseFirestore */ = {
			isa = XCSwiftPackageProductDependency;
			package = ABB72AD8289CB3810009568A /* XCRemoteSwiftPackageReference "firebase-ios-sdk" */;
			productName = FirebaseFirestore;
		};
		ABB72ADF289CB3810009568A /* FirebaseFirestoreSwift */ = {
			isa = XCSwiftPackageProductDependency;
			package = ABB72AD8289CB3810009568A /* XCRemoteSwiftPackageReference "firebase-ios-sdk" */;
			productName = FirebaseFirestoreSwift;
		};
/* End XCSwiftPackageProductDependency section */
	};
	rootObject = ABB72AB7289CB22A0009568A /* Project object */;
}
